// !$*UTF8*$!
{
	archiveVersion = 1;
	classes = {
	};
	objectVersion = 48;
	objects = {

/* Begin PBXBuildFile section */
		16539AD454ADDA90D08621F8 /* Pods_GiphyBrowserTests.framework in Frameworks */ = {isa = PBXBuildFile; fileRef = C6D366769E32CA09FF8B7913 /* Pods_GiphyBrowserTests.framework */; };
		844598EF2032EA670006B76D /* AppDelegate.swift in Sources */ = {isa = PBXBuildFile; fileRef = 844598EE2032EA670006B76D /* AppDelegate.swift */; };
		844598F42032EA670006B76D /* Main.storyboard in Resources */ = {isa = PBXBuildFile; fileRef = 844598F22032EA670006B76D /* Main.storyboard */; };
		844598F62032EA670006B76D /* Assets.xcassets in Resources */ = {isa = PBXBuildFile; fileRef = 844598F52032EA670006B76D /* Assets.xcassets */; };
		844598F92032EA670006B76D /* LaunchScreen.storyboard in Resources */ = {isa = PBXBuildFile; fileRef = 844598F72032EA670006B76D /* LaunchScreen.storyboard */; };
		844599042032EA670006B76D /* GiphyBrowserTests.swift in Sources */ = {isa = PBXBuildFile; fileRef = 844599032032EA670006B76D /* GiphyBrowserTests.swift */; };
		8445990F2032EA670006B76D /* GiphyBrowserUITests.swift in Sources */ = {isa = PBXBuildFile; fileRef = 8445990E2032EA670006B76D /* GiphyBrowserUITests.swift */; };
		8445992D2032F8E70006B76D /* AnimatedImage.swift in Sources */ = {isa = PBXBuildFile; fileRef = 8445992C2032F8E70006B76D /* AnimatedImage.swift */; };
		8445992F2032F9330006B76D /* UIImageViewExtensions.swift in Sources */ = {isa = PBXBuildFile; fileRef = 8445992E2032F9330006B76D /* UIImageViewExtensions.swift */; };
		844599342032FFD20006B76D /* AnimatedImageCollectionViewCell.swift in Sources */ = {isa = PBXBuildFile; fileRef = 844599322032FFD20006B76D /* AnimatedImageCollectionViewCell.swift */; };
		844599352032FFD20006B76D /* AnimatedImageCollectionViewCell.xib in Resources */ = {isa = PBXBuildFile; fileRef = 844599332032FFD20006B76D /* AnimatedImageCollectionViewCell.xib */; };
		8445994120330DE00006B76D /* GiphyTracker.swift in Sources */ = {isa = PBXBuildFile; fileRef = 8445994020330DE00006B76D /* GiphyTracker.swift */; };
		8445994320330E660006B76D /* MainScreenViewController.swift in Sources */ = {isa = PBXBuildFile; fileRef = 8445994220330E660006B76D /* MainScreenViewController.swift */; };
		8445994520330EB00006B76D /* GIF.swift in Sources */ = {isa = PBXBuildFile; fileRef = 8445994420330EB00006B76D /* GIF.swift */; };
		84459947203315390006B76D /* DownloadManager.swift in Sources */ = {isa = PBXBuildFile; fileRef = 84459946203315390006B76D /* DownloadManager.swift */; };
		8445994920331D4D0006B76D /* NSObjectExtensions.swift in Sources */ = {isa = PBXBuildFile; fileRef = 8445994820331D4D0006B76D /* NSObjectExtensions.swift */; };
		8483AF2B2036150F004509BA /* RatingFilterTableViewCell.swift in Sources */ = {isa = PBXBuildFile; fileRef = 8483AF2A2036150F004509BA /* RatingFilterTableViewCell.swift */; };
		848C138220358C6000435CBC /* SearchResultScreenViewController.swift in Sources */ = {isa = PBXBuildFile; fileRef = 848C138120358C6000435CBC /* SearchResultScreenViewController.swift */; };
		8493909A2035C66300BA01AB /* GradientView.swift in Sources */ = {isa = PBXBuildFile; fileRef = 849390992035C66300BA01AB /* GradientView.swift */; };
		8493909C2035D99E00BA01AB /* MessageCenter.swift in Sources */ = {isa = PBXBuildFile; fileRef = 8493909B2035D99E00BA01AB /* MessageCenter.swift */; };
		8493909E2035DBC200BA01AB /* UIApplicationExtensions.swift in Sources */ = {isa = PBXBuildFile; fileRef = 8493909D2035DBC200BA01AB /* UIApplicationExtensions.swift */; };
		849390A02035FA9700BA01AB /* UICollectionViewExtensions.swift in Sources */ = {isa = PBXBuildFile; fileRef = 8493909F2035FA9600BA01AB /* UICollectionViewExtensions.swift */; };
		849390A22035FC6900BA01AB /* RatingFilterViewController.swift in Sources */ = {isa = PBXBuildFile; fileRef = 849390A12035FC6900BA01AB /* RatingFilterViewController.swift */; };
		84C1D68D203648DD00F88525 /* BaseGIPHYCollectionViewController.swift in Sources */ = {isa = PBXBuildFile; fileRef = 84C1D68C203648DD00F88525 /* BaseGIPHYCollectionViewController.swift */; };
		84C1D68F20364A1F00F88525 /* Localizable.strings in Resources */ = {isa = PBXBuildFile; fileRef = 84C1D68E20364A1F00F88525 /* Localizable.strings */; };
		84C1D69120364AB100F88525 /* StringExtensions.swift in Sources */ = {isa = PBXBuildFile; fileRef = 84C1D69020364AB100F88525 /* StringExtensions.swift */; };
		84D2FD59203440AD007BAC8C /* GiphySupportClasses.swift in Sources */ = {isa = PBXBuildFile; fileRef = 84D2FD58203440AD007BAC8C /* GiphySupportClasses.swift */; };
		BDC4F3EABDA62A39E78D50DF /* Pods_GiphyBrowserUITests.framework in Frameworks */ = {isa = PBXBuildFile; fileRef = 5EE4D00E2ACB7BA4B4A58B0A /* Pods_GiphyBrowserUITests.framework */; };
		EE9A1681BAE8F6C696F459B5 /* Pods_GiphyBrowser.framework in Frameworks */ = {isa = PBXBuildFile; fileRef = 0C821050BC64AD8AFF8BBB24 /* Pods_GiphyBrowser.framework */; };
/* End PBXBuildFile section */

/* Begin PBXContainerItemProxy section */
		844599002032EA670006B76D /* PBXContainerItemProxy */ = {
			isa = PBXContainerItemProxy;
			containerPortal = 844598E32032EA670006B76D /* Project object */;
			proxyType = 1;
			remoteGlobalIDString = 844598EA2032EA670006B76D;
			remoteInfo = GiphyBrowser;
		};
		8445990B2032EA670006B76D /* PBXContainerItemProxy */ = {
			isa = PBXContainerItemProxy;
			containerPortal = 844598E32032EA670006B76D /* Project object */;
			proxyType = 1;
			remoteGlobalIDString = 844598EA2032EA670006B76D;
			remoteInfo = GiphyBrowser;
		};
/* End PBXContainerItemProxy section */

/* Begin PBXFileReference section */
		0C821050BC64AD8AFF8BBB24 /* Pods_GiphyBrowser.framework */ = {isa = PBXFileReference; explicitFileType = wrapper.framework; includeInIndex = 0; path = Pods_GiphyBrowser.framework; sourceTree = BUILT_PRODUCTS_DIR; };
		30710FFC26C59DAC9F836355 /* Pods-GiphyBrowserTests.debug.xcconfig */ = {isa = PBXFileReference; includeInIndex = 1; lastKnownFileType = text.xcconfig; name = "Pods-GiphyBrowserTests.debug.xcconfig"; path = "Pods/Target Support Files/Pods-GiphyBrowserTests/Pods-GiphyBrowserTests.debug.xcconfig"; sourceTree = "<group>"; };
		3E806CEC725BCEFBB3386B99 /* Pods-GiphyBrowser.release.xcconfig */ = {isa = PBXFileReference; includeInIndex = 1; lastKnownFileType = text.xcconfig; name = "Pods-GiphyBrowser.release.xcconfig"; path = "Pods/Target Support Files/Pods-GiphyBrowser/Pods-GiphyBrowser.release.xcconfig"; sourceTree = "<group>"; };
		5EE4D00E2ACB7BA4B4A58B0A /* Pods_GiphyBrowserUITests.framework */ = {isa = PBXFileReference; explicitFileType = wrapper.framework; includeInIndex = 0; path = Pods_GiphyBrowserUITests.framework; sourceTree = BUILT_PRODUCTS_DIR; };
		844598EB2032EA670006B76D /* GiphyBrowser.app */ = {isa = PBXFileReference; explicitFileType = wrapper.application; includeInIndex = 0; path = GiphyBrowser.app; sourceTree = BUILT_PRODUCTS_DIR; };
		844598EE2032EA670006B76D /* AppDelegate.swift */ = {isa = PBXFileReference; lastKnownFileType = sourcecode.swift; path = AppDelegate.swift; sourceTree = "<group>"; };
		844598F32032EA670006B76D /* Base */ = {isa = PBXFileReference; lastKnownFileType = file.storyboard; name = Base; path = Base.lproj/Main.storyboard; sourceTree = "<group>"; };
		844598F52032EA670006B76D /* Assets.xcassets */ = {isa = PBXFileReference; lastKnownFileType = folder.assetcatalog; path = Assets.xcassets; sourceTree = "<group>"; };
		844598F82032EA670006B76D /* Base */ = {isa = PBXFileReference; lastKnownFileType = file.storyboard; name = Base; path = Base.lproj/LaunchScreen.storyboard; sourceTree = "<group>"; };
		844598FA2032EA670006B76D /* Info.plist */ = {isa = PBXFileReference; lastKnownFileType = text.plist.xml; path = Info.plist; sourceTree = "<group>"; };
		844598FF2032EA670006B76D /* GiphyBrowserTests.xctest */ = {isa = PBXFileReference; explicitFileType = wrapper.cfbundle; includeInIndex = 0; path = GiphyBrowserTests.xctest; sourceTree = BUILT_PRODUCTS_DIR; };
		844599032032EA670006B76D /* GiphyBrowserTests.swift */ = {isa = PBXFileReference; lastKnownFileType = sourcecode.swift; path = GiphyBrowserTests.swift; sourceTree = "<group>"; };
		844599052032EA670006B76D /* Info.plist */ = {isa = PBXFileReference; lastKnownFileType = text.plist.xml; path = Info.plist; sourceTree = "<group>"; };
		8445990A2032EA670006B76D /* GiphyBrowserUITests.xctest */ = {isa = PBXFileReference; explicitFileType = wrapper.cfbundle; includeInIndex = 0; path = GiphyBrowserUITests.xctest; sourceTree = BUILT_PRODUCTS_DIR; };
		8445990E2032EA670006B76D /* GiphyBrowserUITests.swift */ = {isa = PBXFileReference; lastKnownFileType = sourcecode.swift; path = GiphyBrowserUITests.swift; sourceTree = "<group>"; };
		844599102032EA670006B76D /* Info.plist */ = {isa = PBXFileReference; lastKnownFileType = text.plist.xml; path = Info.plist; sourceTree = "<group>"; };
		8445992C2032F8E70006B76D /* AnimatedImage.swift */ = {isa = PBXFileReference; lastKnownFileType = sourcecode.swift; path = AnimatedImage.swift; sourceTree = "<group>"; };
		8445992E2032F9330006B76D /* UIImageViewExtensions.swift */ = {isa = PBXFileReference; lastKnownFileType = sourcecode.swift; path = UIImageViewExtensions.swift; sourceTree = "<group>"; };
		844599322032FFD20006B76D /* AnimatedImageCollectionViewCell.swift */ = {isa = PBXFileReference; lastKnownFileType = sourcecode.swift; path = AnimatedImageCollectionViewCell.swift; sourceTree = "<group>"; };
		844599332032FFD20006B76D /* AnimatedImageCollectionViewCell.xib */ = {isa = PBXFileReference; lastKnownFileType = file.xib; path = AnimatedImageCollectionViewCell.xib; sourceTree = "<group>"; };
		8445994020330DE00006B76D /* GiphyTracker.swift */ = {isa = PBXFileReference; lastKnownFileType = sourcecode.swift; path = GiphyTracker.swift; sourceTree = "<group>"; };
		8445994220330E660006B76D /* MainScreenViewController.swift */ = {isa = PBXFileReference; fileEncoding = 4; lastKnownFileType = sourcecode.swift; path = MainScreenViewController.swift; sourceTree = "<group>"; };
		8445994420330EB00006B76D /* GIF.swift */ = {isa = PBXFileReference; lastKnownFileType = sourcecode.swift; path = GIF.swift; sourceTree = "<group>"; };
		84459946203315390006B76D /* DownloadManager.swift */ = {isa = PBXFileReference; lastKnownFileType = sourcecode.swift; path = DownloadManager.swift; sourceTree = "<group>"; };
		8445994820331D4D0006B76D /* NSObjectExtensions.swift */ = {isa = PBXFileReference; lastKnownFileType = sourcecode.swift; path = NSObjectExtensions.swift; sourceTree = "<group>"; };
		8483AF2A2036150F004509BA /* RatingFilterTableViewCell.swift */ = {isa = PBXFileReference; lastKnownFileType = sourcecode.swift; path = RatingFilterTableViewCell.swift; sourceTree = "<group>"; };
		848C138120358C6000435CBC /* SearchResultScreenViewController.swift */ = {isa = PBXFileReference; lastKnownFileType = sourcecode.swift; path = SearchResultScreenViewController.swift; sourceTree = "<group>"; };
		849390992035C66300BA01AB /* GradientView.swift */ = {isa = PBXFileReference; lastKnownFileType = sourcecode.swift; path = GradientView.swift; sourceTree = "<group>"; };
		8493909B2035D99E00BA01AB /* MessageCenter.swift */ = {isa = PBXFileReference; lastKnownFileType = sourcecode.swift; path = MessageCenter.swift; sourceTree = "<group>"; };
		8493909D2035DBC200BA01AB /* UIApplicationExtensions.swift */ = {isa = PBXFileReference; lastKnownFileType = sourcecode.swift; path = UIApplicationExtensions.swift; sourceTree = "<group>"; };
		8493909F2035FA9600BA01AB /* UICollectionViewExtensions.swift */ = {isa = PBXFileReference; lastKnownFileType = sourcecode.swift; path = UICollectionViewExtensions.swift; sourceTree = "<group>"; };
		849390A12035FC6900BA01AB /* RatingFilterViewController.swift */ = {isa = PBXFileReference; lastKnownFileType = sourcecode.swift; path = RatingFilterViewController.swift; sourceTree = "<group>"; };
		84C1D68C203648DD00F88525 /* BaseGIPHYCollectionViewController.swift */ = {isa = PBXFileReference; lastKnownFileType = sourcecode.swift; path = BaseGIPHYCollectionViewController.swift; sourceTree = "<group>"; };
		84C1D68E20364A1F00F88525 /* Localizable.strings */ = {isa = PBXFileReference; lastKnownFileType = text.plist.strings; path = Localizable.strings; sourceTree = "<group>"; };
		84C1D69020364AB100F88525 /* StringExtensions.swift */ = {isa = PBXFileReference; lastKnownFileType = sourcecode.swift; path = StringExtensions.swift; sourceTree = "<group>"; };
		84D2FD58203440AD007BAC8C /* GiphySupportClasses.swift */ = {isa = PBXFileReference; lastKnownFileType = sourcecode.swift; path = GiphySupportClasses.swift; sourceTree = "<group>"; };
		A65B94874A0E17E91C406892 /* Pods-GiphyBrowser.debug.xcconfig */ = {isa = PBXFileReference; includeInIndex = 1; lastKnownFileType = text.xcconfig; name = "Pods-GiphyBrowser.debug.xcconfig"; path = "Pods/Target Support Files/Pods-GiphyBrowser/Pods-GiphyBrowser.debug.xcconfig"; sourceTree = "<group>"; };
		B8C778C985B4358254D6FFFF /* Pods-GiphyBrowserUITests.release.xcconfig */ = {isa = PBXFileReference; includeInIndex = 1; lastKnownFileType = text.xcconfig; name = "Pods-GiphyBrowserUITests.release.xcconfig"; path = "Pods/Target Support Files/Pods-GiphyBrowserUITests/Pods-GiphyBrowserUITests.release.xcconfig"; sourceTree = "<group>"; };
		C6D366769E32CA09FF8B7913 /* Pods_GiphyBrowserTests.framework */ = {isa = PBXFileReference; explicitFileType = wrapper.framework; includeInIndex = 0; path = Pods_GiphyBrowserTests.framework; sourceTree = BUILT_PRODUCTS_DIR; };
		D4CEEF94EE1675EFB01110AE /* Pods-GiphyBrowserTests.release.xcconfig */ = {isa = PBXFileReference; includeInIndex = 1; lastKnownFileType = text.xcconfig; name = "Pods-GiphyBrowserTests.release.xcconfig"; path = "Pods/Target Support Files/Pods-GiphyBrowserTests/Pods-GiphyBrowserTests.release.xcconfig"; sourceTree = "<group>"; };
		DD347CA14B583D1AAD59D08C /* Pods-GiphyBrowserUITests.debug.xcconfig */ = {isa = PBXFileReference; includeInIndex = 1; lastKnownFileType = text.xcconfig; name = "Pods-GiphyBrowserUITests.debug.xcconfig"; path = "Pods/Target Support Files/Pods-GiphyBrowserUITests/Pods-GiphyBrowserUITests.debug.xcconfig"; sourceTree = "<group>"; };
/* End PBXFileReference section */

/* Begin PBXFrameworksBuildPhase section */
		844598E82032EA670006B76D /* Frameworks */ = {
			isa = PBXFrameworksBuildPhase;
			buildActionMask = 2147483647;
			files = (
				EE9A1681BAE8F6C696F459B5 /* Pods_GiphyBrowser.framework in Frameworks */,
			);
			runOnlyForDeploymentPostprocessing = 0;
		};
		844598FC2032EA670006B76D /* Frameworks */ = {
			isa = PBXFrameworksBuildPhase;
			buildActionMask = 2147483647;
			files = (
				16539AD454ADDA90D08621F8 /* Pods_GiphyBrowserTests.framework in Frameworks */,
			);
			runOnlyForDeploymentPostprocessing = 0;
		};
		844599072032EA670006B76D /* Frameworks */ = {
			isa = PBXFrameworksBuildPhase;
			buildActionMask = 2147483647;
			files = (
				BDC4F3EABDA62A39E78D50DF /* Pods_GiphyBrowserUITests.framework in Frameworks */,
			);
			runOnlyForDeploymentPostprocessing = 0;
		};
/* End PBXFrameworksBuildPhase section */

/* Begin PBXGroup section */
		844598E22032EA670006B76D = {
			isa = PBXGroup;
			children = (
				844598ED2032EA670006B76D /* GiphyBrowser */,
				844599022032EA670006B76D /* GiphyBrowserTests */,
				8445990D2032EA670006B76D /* GiphyBrowserUITests */,
				844598EC2032EA670006B76D /* Products */,
				E830E6F46BE28606FBB83CEE /* Pods */,
				C6425D0188920960FD5FDC1D /* Frameworks */,
			);
			sourceTree = "<group>";
		};
		844598EC2032EA670006B76D /* Products */ = {
			isa = PBXGroup;
			children = (
				844598EB2032EA670006B76D /* GiphyBrowser.app */,
				844598FF2032EA670006B76D /* GiphyBrowserTests.xctest */,
				8445990A2032EA670006B76D /* GiphyBrowserUITests.xctest */,
			);
			name = Products;
			sourceTree = "<group>";
		};
		844598ED2032EA670006B76D /* GiphyBrowser */ = {
			isa = PBXGroup;
			children = (
				844599262032F8310006B76D /* Application */,
				844599282032F8310006B76D /* Controllers */,
				8445991C2032F8310006B76D /* Library */,
				844599252032F8310006B76D /* Model */,
				844599272032F8310006B76D /* Resources */,
				844599292032F8310006B76D /* Views */,
				844598F22032EA670006B76D /* Main.storyboard */,
				844598F72032EA670006B76D /* LaunchScreen.storyboard */,
			);
			path = GiphyBrowser;
			sourceTree = "<group>";
		};
		844599022032EA670006B76D /* GiphyBrowserTests */ = {
			isa = PBXGroup;
			children = (
				844599032032EA670006B76D /* GiphyBrowserTests.swift */,
				844599052032EA670006B76D /* Info.plist */,
			);
			path = GiphyBrowserTests;
			sourceTree = "<group>";
		};
		8445990D2032EA670006B76D /* GiphyBrowserUITests */ = {
			isa = PBXGroup;
			children = (
				8445990E2032EA670006B76D /* GiphyBrowserUITests.swift */,
				844599102032EA670006B76D /* Info.plist */,
			);
			path = GiphyBrowserUITests;
			sourceTree = "<group>";
		};
		8445991C2032F8310006B76D /* Library */ = {
			isa = PBXGroup;
			children = (
				8445991D2032F8310006B76D /* Base classes */,
				8445991E2032F8310006B76D /* Helpers */,
				844599242032F8310006B76D /* Vendors */,
			);
			path = Library;
			sourceTree = SOURCE_ROOT;
		};
		8445991D2032F8310006B76D /* Base classes */ = {
			isa = PBXGroup;
			children = (
				84C1D68C203648DD00F88525 /* BaseGIPHYCollectionViewController.swift */,
			);
			path = "Base classes";
			sourceTree = "<group>";
		};
		8445991E2032F8310006B76D /* Helpers */ = {
			isa = PBXGroup;
			children = (
				8445991F2032F8310006B76D /* API */,
				844599202032F8310006B76D /* Constants */,
				844599212032F8310006B76D /* Extensions */,
				844599222032F8310006B76D /* Message center */,
				844599232032F8310006B76D /* Singleton */,
			);
			path = Helpers;
			sourceTree = "<group>";
		};
		8445991F2032F8310006B76D /* API */ = {
			isa = PBXGroup;
			children = (
				84459946203315390006B76D /* DownloadManager.swift */,
				8445994020330DE00006B76D /* GiphyTracker.swift */,
				84D2FD58203440AD007BAC8C /* GiphySupportClasses.swift */,
			);
			path = API;
			sourceTree = "<group>";
		};
		844599202032F8310006B76D /* Constants */ = {
			isa = PBXGroup;
			children = (
			);
			path = Constants;
			sourceTree = "<group>";
		};
		844599212032F8310006B76D /* Extensions */ = {
			isa = PBXGroup;
			children = (
				8445992E2032F9330006B76D /* UIImageViewExtensions.swift */,
				8445994820331D4D0006B76D /* NSObjectExtensions.swift */,
				8493909D2035DBC200BA01AB /* UIApplicationExtensions.swift */,
				8493909F2035FA9600BA01AB /* UICollectionViewExtensions.swift */,
				84C1D69020364AB100F88525 /* StringExtensions.swift */,
			);
			path = Extensions;
			sourceTree = "<group>";
		};
		844599222032F8310006B76D /* Message center */ = {
			isa = PBXGroup;
			children = (
				8493909B2035D99E00BA01AB /* MessageCenter.swift */,
			);
			path = "Message center";
			sourceTree = "<group>";
		};
		844599232032F8310006B76D /* Singleton */ = {
			isa = PBXGroup;
			children = (
			);
			path = Singleton;
			sourceTree = "<group>";
		};
		844599242032F8310006B76D /* Vendors */ = {
			isa = PBXGroup;
			children = (
				8445992C2032F8E70006B76D /* AnimatedImage.swift */,
			);
			path = Vendors;
			sourceTree = "<group>";
		};
		844599252032F8310006B76D /* Model */ = {
			isa = PBXGroup;
			children = (
				8445994420330EB00006B76D /* GIF.swift */,
			);
			path = Model;
			sourceTree = SOURCE_ROOT;
		};
		844599262032F8310006B76D /* Application */ = {
			isa = PBXGroup;
			children = (
				844598FA2032EA670006B76D /* Info.plist */,
				844598EE2032EA670006B76D /* AppDelegate.swift */,
			);
			path = Application;
			sourceTree = SOURCE_ROOT;
		};
		844599272032F8310006B76D /* Resources */ = {
			isa = PBXGroup;
			children = (
				844598F52032EA670006B76D /* Assets.xcassets */,
				84C1D68E20364A1F00F88525 /* Localizable.strings */,
			);
			path = Resources;
			sourceTree = SOURCE_ROOT;
		};
		844599282032F8310006B76D /* Controllers */ = {
			isa = PBXGroup;
			children = (
				8445994220330E660006B76D /* MainScreenViewController.swift */,
				848C138120358C6000435CBC /* SearchResultScreenViewController.swift */,
				849390A12035FC6900BA01AB /* RatingFilterViewController.swift */,
			);
			path = Controllers;
			sourceTree = SOURCE_ROOT;
		};
		844599292032F8310006B76D /* Views */ = {
			isa = PBXGroup;
			children = (
				8445992A2032F8310006B76D /* Cells */,
				8445992B2032F8310006B76D /* Other views */,
			);
			path = Views;
			sourceTree = SOURCE_ROOT;
		};
		8445992A2032F8310006B76D /* Cells */ = {
			isa = PBXGroup;
			children = (
				844599322032FFD20006B76D /* AnimatedImageCollectionViewCell.swift */,
				844599332032FFD20006B76D /* AnimatedImageCollectionViewCell.xib */,
				8483AF2A2036150F004509BA /* RatingFilterTableViewCell.swift */,
			);
			path = Cells;
			sourceTree = "<group>";
		};
		8445992B2032F8310006B76D /* Other views */ = {
			isa = PBXGroup;
			children = (
				849390992035C66300BA01AB /* GradientView.swift */,
			);
			path = "Other views";
			sourceTree = "<group>";
		};
		C6425D0188920960FD5FDC1D /* Frameworks */ = {
			isa = PBXGroup;
			children = (
				0C821050BC64AD8AFF8BBB24 /* Pods_GiphyBrowser.framework */,
				C6D366769E32CA09FF8B7913 /* Pods_GiphyBrowserTests.framework */,
				5EE4D00E2ACB7BA4B4A58B0A /* Pods_GiphyBrowserUITests.framework */,
			);
			name = Frameworks;
			sourceTree = "<group>";
		};
		E830E6F46BE28606FBB83CEE /* Pods */ = {
			isa = PBXGroup;
			children = (
				A65B94874A0E17E91C406892 /* Pods-GiphyBrowser.debug.xcconfig */,
				3E806CEC725BCEFBB3386B99 /* Pods-GiphyBrowser.release.xcconfig */,
				30710FFC26C59DAC9F836355 /* Pods-GiphyBrowserTests.debug.xcconfig */,
				D4CEEF94EE1675EFB01110AE /* Pods-GiphyBrowserTests.release.xcconfig */,
				DD347CA14B583D1AAD59D08C /* Pods-GiphyBrowserUITests.debug.xcconfig */,
				B8C778C985B4358254D6FFFF /* Pods-GiphyBrowserUITests.release.xcconfig */,
			);
			name = Pods;
			sourceTree = "<group>";
		};
/* End PBXGroup section */

/* Begin PBXNativeTarget section */
		844598EA2032EA670006B76D /* GiphyBrowser */ = {
			isa = PBXNativeTarget;
			buildConfigurationList = 844599132032EA670006B76D /* Build configuration list for PBXNativeTarget "GiphyBrowser" */;
			buildPhases = (
				E8E3A2A898FFCB32F5B63329 /* [CP] Check Pods Manifest.lock */,
				844598E72032EA670006B76D /* Sources */,
				844598E82032EA670006B76D /* Frameworks */,
				844598E92032EA670006B76D /* Resources */,
				EC2228854BD5F18AD5583D1E /* [CP] Embed Pods Frameworks */,
				75511D99CC89277A484487C3 /* [CP] Copy Pods Resources */,
			);
			buildRules = (
			);
			dependencies = (
			);
			name = GiphyBrowser;
			productName = GiphyBrowser;
			productReference = 844598EB2032EA670006B76D /* GiphyBrowser.app */;
			productType = "com.apple.product-type.application";
		};
		844598FE2032EA670006B76D /* GiphyBrowserTests */ = {
			isa = PBXNativeTarget;
			buildConfigurationList = 844599162032EA670006B76D /* Build configuration list for PBXNativeTarget "GiphyBrowserTests" */;
			buildPhases = (
				3CB011E20BEFE2A848A29D58 /* [CP] Check Pods Manifest.lock */,
				844598FB2032EA670006B76D /* Sources */,
				844598FC2032EA670006B76D /* Frameworks */,
				844598FD2032EA670006B76D /* Resources */,
				E81B8F865FB96051BB51868E /* [CP] Embed Pods Frameworks */,
				4537D735B4D46B5915593B49 /* [CP] Copy Pods Resources */,
			);
			buildRules = (
			);
			dependencies = (
				844599012032EA670006B76D /* PBXTargetDependency */,
			);
			name = GiphyBrowserTests;
			productName = GiphyBrowserTests;
			productReference = 844598FF2032EA670006B76D /* GiphyBrowserTests.xctest */;
			productType = "com.apple.product-type.bundle.unit-test";
		};
		844599092032EA670006B76D /* GiphyBrowserUITests */ = {
			isa = PBXNativeTarget;
			buildConfigurationList = 844599192032EA670006B76D /* Build configuration list for PBXNativeTarget "GiphyBrowserUITests" */;
			buildPhases = (
				D18D8B3F451485470B9D483B /* [CP] Check Pods Manifest.lock */,
				844599062032EA670006B76D /* Sources */,
				844599072032EA670006B76D /* Frameworks */,
				844599082032EA670006B76D /* Resources */,
				CE4E660303CB26F25659D00A /* [CP] Embed Pods Frameworks */,
				F825775DE967052B15ECD86D /* [CP] Copy Pods Resources */,
			);
			buildRules = (
			);
			dependencies = (
				8445990C2032EA670006B76D /* PBXTargetDependency */,
			);
			name = GiphyBrowserUITests;
			productName = GiphyBrowserUITests;
			productReference = 8445990A2032EA670006B76D /* GiphyBrowserUITests.xctest */;
			productType = "com.apple.product-type.bundle.ui-testing";
		};
/* End PBXNativeTarget section */

/* Begin PBXProject section */
		844598E32032EA670006B76D /* Project object */ = {
			isa = PBXProject;
			attributes = {
				LastSwiftUpdateCheck = 0920;
				LastUpgradeCheck = 0920;
				ORGANIZATIONNAME = Makser;
				TargetAttributes = {
					844598EA2032EA670006B76D = {
						CreatedOnToolsVersion = 9.2;
						ProvisioningStyle = Automatic;
					};
					844598FE2032EA670006B76D = {
						CreatedOnToolsVersion = 9.2;
						ProvisioningStyle = Automatic;
						TestTargetID = 844598EA2032EA670006B76D;
					};
					844599092032EA670006B76D = {
						CreatedOnToolsVersion = 9.2;
						ProvisioningStyle = Automatic;
						TestTargetID = 844598EA2032EA670006B76D;
					};
				};
			};
			buildConfigurationList = 844598E62032EA670006B76D /* Build configuration list for PBXProject "GiphyBrowser" */;
			compatibilityVersion = "Xcode 8.0";
			developmentRegion = en;
			hasScannedForEncodings = 0;
			knownRegions = (
				en,
				Base,
			);
			mainGroup = 844598E22032EA670006B76D;
			productRefGroup = 844598EC2032EA670006B76D /* Products */;
			projectDirPath = "";
			projectRoot = "";
			targets = (
				844598EA2032EA670006B76D /* GiphyBrowser */,
				844598FE2032EA670006B76D /* GiphyBrowserTests */,
				844599092032EA670006B76D /* GiphyBrowserUITests */,
			);
		};
/* End PBXProject section */

/* Begin PBXResourcesBuildPhase section */
		844598E92032EA670006B76D /* Resources */ = {
			isa = PBXResourcesBuildPhase;
			buildActionMask = 2147483647;
			files = (
				84C1D68F20364A1F00F88525 /* Localizable.strings in Resources */,
				844599352032FFD20006B76D /* AnimatedImageCollectionViewCell.xib in Resources */,
				844598F92032EA670006B76D /* LaunchScreen.storyboard in Resources */,
				844598F62032EA670006B76D /* Assets.xcassets in Resources */,
				844598F42032EA670006B76D /* Main.storyboard in Resources */,
			);
			runOnlyForDeploymentPostprocessing = 0;
		};
		844598FD2032EA670006B76D /* Resources */ = {
			isa = PBXResourcesBuildPhase;
			buildActionMask = 2147483647;
			files = (
			);
			runOnlyForDeploymentPostprocessing = 0;
		};
		844599082032EA670006B76D /* Resources */ = {
			isa = PBXResourcesBuildPhase;
			buildActionMask = 2147483647;
			files = (
			);
			runOnlyForDeploymentPostprocessing = 0;
		};
/* End PBXResourcesBuildPhase section */

/* Begin PBXShellScriptBuildPhase section */
		3CB011E20BEFE2A848A29D58 /* [CP] Check Pods Manifest.lock */ = {
			isa = PBXShellScriptBuildPhase;
			buildActionMask = 2147483647;
			files = (
			);
			inputPaths = (
				"${PODS_PODFILE_DIR_PATH}/Podfile.lock",
				"${PODS_ROOT}/Manifest.lock",
			);
			name = "[CP] Check Pods Manifest.lock";
			outputPaths = (
				"$(DERIVED_FILE_DIR)/Pods-GiphyBrowserTests-checkManifestLockResult.txt",
			);
			runOnlyForDeploymentPostprocessing = 0;
			shellPath = /bin/sh;
			shellScript = "diff \"${PODS_PODFILE_DIR_PATH}/Podfile.lock\" \"${PODS_ROOT}/Manifest.lock\" > /dev/null\nif [ $? != 0 ] ; then\n    # print error to STDERR\n    echo \"error: The sandbox is not in sync with the Podfile.lock. Run 'pod install' or update your CocoaPods installation.\" >&2\n    exit 1\nfi\n# This output is used by Xcode 'outputs' to avoid re-running this script phase.\necho \"SUCCESS\" > \"${SCRIPT_OUTPUT_FILE_0}\"\n";
			showEnvVarsInLog = 0;
		};
		4537D735B4D46B5915593B49 /* [CP] Copy Pods Resources */ = {
			isa = PBXShellScriptBuildPhase;
			buildActionMask = 2147483647;
			files = (
			);
			inputPaths = (
			);
			name = "[CP] Copy Pods Resources";
			outputPaths = (
			);
			runOnlyForDeploymentPostprocessing = 0;
			shellPath = /bin/sh;
			shellScript = "\"${SRCROOT}/Pods/Target Support Files/Pods-GiphyBrowserTests/Pods-GiphyBrowserTests-resources.sh\"\n";
			showEnvVarsInLog = 0;
		};
		75511D99CC89277A484487C3 /* [CP] Copy Pods Resources */ = {
			isa = PBXShellScriptBuildPhase;
			buildActionMask = 2147483647;
			files = (
			);
			inputPaths = (
			);
			name = "[CP] Copy Pods Resources";
			outputPaths = (
			);
			runOnlyForDeploymentPostprocessing = 0;
			shellPath = /bin/sh;
			shellScript = "\"${SRCROOT}/Pods/Target Support Files/Pods-GiphyBrowser/Pods-GiphyBrowser-resources.sh\"\n";
			showEnvVarsInLog = 0;
		};
		CE4E660303CB26F25659D00A /* [CP] Embed Pods Frameworks */ = {
			isa = PBXShellScriptBuildPhase;
			buildActionMask = 2147483647;
			files = (
			);
			inputPaths = (
			);
			name = "[CP] Embed Pods Frameworks";
			outputPaths = (
			);
			runOnlyForDeploymentPostprocessing = 0;
			shellPath = /bin/sh;
			shellScript = "\"${SRCROOT}/Pods/Target Support Files/Pods-GiphyBrowserUITests/Pods-GiphyBrowserUITests-frameworks.sh\"\n";
			showEnvVarsInLog = 0;
		};
		D18D8B3F451485470B9D483B /* [CP] Check Pods Manifest.lock */ = {
			isa = PBXShellScriptBuildPhase;
			buildActionMask = 2147483647;
			files = (
			);
			inputPaths = (
				"${PODS_PODFILE_DIR_PATH}/Podfile.lock",
				"${PODS_ROOT}/Manifest.lock",
			);
			name = "[CP] Check Pods Manifest.lock";
			outputPaths = (
				"$(DERIVED_FILE_DIR)/Pods-GiphyBrowserUITests-checkManifestLockResult.txt",
			);
			runOnlyForDeploymentPostprocessing = 0;
			shellPath = /bin/sh;
			shellScript = "diff \"${PODS_PODFILE_DIR_PATH}/Podfile.lock\" \"${PODS_ROOT}/Manifest.lock\" > /dev/null\nif [ $? != 0 ] ; then\n    # print error to STDERR\n    echo \"error: The sandbox is not in sync with the Podfile.lock. Run 'pod install' or update your CocoaPods installation.\" >&2\n    exit 1\nfi\n# This output is used by Xcode 'outputs' to avoid re-running this script phase.\necho \"SUCCESS\" > \"${SCRIPT_OUTPUT_FILE_0}\"\n";
			showEnvVarsInLog = 0;
		};
		E81B8F865FB96051BB51868E /* [CP] Embed Pods Frameworks */ = {
			isa = PBXShellScriptBuildPhase;
			buildActionMask = 2147483647;
			files = (
			);
			inputPaths = (
			);
			name = "[CP] Embed Pods Frameworks";
			outputPaths = (
			);
			runOnlyForDeploymentPostprocessing = 0;
			shellPath = /bin/sh;
			shellScript = "\"${SRCROOT}/Pods/Target Support Files/Pods-GiphyBrowserTests/Pods-GiphyBrowserTests-frameworks.sh\"\n";
			showEnvVarsInLog = 0;
		};
		E8E3A2A898FFCB32F5B63329 /* [CP] Check Pods Manifest.lock */ = {
			isa = PBXShellScriptBuildPhase;
			buildActionMask = 2147483647;
			files = (
			);
			inputPaths = (
				"${PODS_PODFILE_DIR_PATH}/Podfile.lock",
				"${PODS_ROOT}/Manifest.lock",
			);
			name = "[CP] Check Pods Manifest.lock";
			outputPaths = (
				"$(DERIVED_FILE_DIR)/Pods-GiphyBrowser-checkManifestLockResult.txt",
			);
			runOnlyForDeploymentPostprocessing = 0;
			shellPath = /bin/sh;
			shellScript = "diff \"${PODS_PODFILE_DIR_PATH}/Podfile.lock\" \"${PODS_ROOT}/Manifest.lock\" > /dev/null\nif [ $? != 0 ] ; then\n    # print error to STDERR\n    echo \"error: The sandbox is not in sync with the Podfile.lock. Run 'pod install' or update your CocoaPods installation.\" >&2\n    exit 1\nfi\n# This output is used by Xcode 'outputs' to avoid re-running this script phase.\necho \"SUCCESS\" > \"${SCRIPT_OUTPUT_FILE_0}\"\n";
			showEnvVarsInLog = 0;
		};
		EC2228854BD5F18AD5583D1E /* [CP] Embed Pods Frameworks */ = {
			isa = PBXShellScriptBuildPhase;
			buildActionMask = 2147483647;
			files = (
			);
			inputPaths = (
				"${SRCROOT}/Pods/Target Support Files/Pods-GiphyBrowser/Pods-GiphyBrowser-frameworks.sh",
				"${BUILT_PRODUCTS_DIR}/Alamofire/Alamofire.framework",
				"${BUILT_PRODUCTS_DIR}/EmptyDataSet-Swift/EmptyDataSet_Swift.framework",
				"${BUILT_PRODUCTS_DIR}/RxCocoa/RxCocoa.framework",
				"${BUILT_PRODUCTS_DIR}/RxSwift/RxSwift.framework",
			);
			name = "[CP] Embed Pods Frameworks";
			outputPaths = (
				"${TARGET_BUILD_DIR}/${FRAMEWORKS_FOLDER_PATH}/Alamofire.framework",
				"${TARGET_BUILD_DIR}/${FRAMEWORKS_FOLDER_PATH}/EmptyDataSet_Swift.framework",
				"${TARGET_BUILD_DIR}/${FRAMEWORKS_FOLDER_PATH}/RxCocoa.framework",
				"${TARGET_BUILD_DIR}/${FRAMEWORKS_FOLDER_PATH}/RxSwift.framework",
			);
			runOnlyForDeploymentPostprocessing = 0;
			shellPath = /bin/sh;
			shellScript = "\"${SRCROOT}/Pods/Target Support Files/Pods-GiphyBrowser/Pods-GiphyBrowser-frameworks.sh\"\n";
			showEnvVarsInLog = 0;
		};
		F825775DE967052B15ECD86D /* [CP] Copy Pods Resources */ = {
			isa = PBXShellScriptBuildPhase;
			buildActionMask = 2147483647;
			files = (
			);
			inputPaths = (
			);
			name = "[CP] Copy Pods Resources";
			outputPaths = (
			);
			runOnlyForDeploymentPostprocessing = 0;
			shellPath = /bin/sh;
			shellScript = "\"${SRCROOT}/Pods/Target Support Files/Pods-GiphyBrowserUITests/Pods-GiphyBrowserUITests-resources.sh\"\n";
			showEnvVarsInLog = 0;
		};
/* End PBXShellScriptBuildPhase section */

/* Begin PBXSourcesBuildPhase section */
		844598E72032EA670006B76D /* Sources */ = {
			isa = PBXSourcesBuildPhase;
			buildActionMask = 2147483647;
			files = (
				849390A02035FA9700BA01AB /* UICollectionViewExtensions.swift in Sources */,
				8483AF2B2036150F004509BA /* RatingFilterTableViewCell.swift in Sources */,
				8445994920331D4D0006B76D /* NSObjectExtensions.swift in Sources */,
				848C138220358C6000435CBC /* SearchResultScreenViewController.swift in Sources */,
				84D2FD59203440AD007BAC8C /* GiphySupportClasses.swift in Sources */,
				844598EF2032EA670006B76D /* AppDelegate.swift in Sources */,
				8445994520330EB00006B76D /* GIF.swift in Sources */,
				8493909E2035DBC200BA01AB /* UIApplicationExtensions.swift in Sources */,
				8445994320330E660006B76D /* MainScreenViewController.swift in Sources */,
				844599342032FFD20006B76D /* AnimatedImageCollectionViewCell.swift in Sources */,
				8445994120330DE00006B76D /* GiphyTracker.swift in Sources */,
				84C1D69120364AB100F88525 /* StringExtensions.swift in Sources */,
				8445992F2032F9330006B76D /* UIImageViewExtensions.swift in Sources */,
				849390A22035FC6900BA01AB /* RatingFilterViewController.swift in Sources */,
				84C1D68D203648DD00F88525 /* BaseGIPHYCollectionViewController.swift in Sources */,
				8493909C2035D99E00BA01AB /* MessageCenter.swift in Sources */,
				8493909A2035C66300BA01AB /* GradientView.swift in Sources */,
				84459947203315390006B76D /* DownloadManager.swift in Sources */,
				8445992D2032F8E70006B76D /* AnimatedImage.swift in Sources */,
			);
			runOnlyForDeploymentPostprocessing = 0;
		};
		844598FB2032EA670006B76D /* Sources */ = {
			isa = PBXSourcesBuildPhase;
			buildActionMask = 2147483647;
			files = (
				844599042032EA670006B76D /* GiphyBrowserTests.swift in Sources */,
			);
			runOnlyForDeploymentPostprocessing = 0;
		};
		844599062032EA670006B76D /* Sources */ = {
			isa = PBXSourcesBuildPhase;
			buildActionMask = 2147483647;
			files = (
				8445990F2032EA670006B76D /* GiphyBrowserUITests.swift in Sources */,
			);
			runOnlyForDeploymentPostprocessing = 0;
		};
/* End PBXSourcesBuildPhase section */

/* Begin PBXTargetDependency section */
		844599012032EA670006B76D /* PBXTargetDependency */ = {
			isa = PBXTargetDependency;
			target = 844598EA2032EA670006B76D /* GiphyBrowser */;
			targetProxy = 844599002032EA670006B76D /* PBXContainerItemProxy */;
		};
		8445990C2032EA670006B76D /* PBXTargetDependency */ = {
			isa = PBXTargetDependency;
			target = 844598EA2032EA670006B76D /* GiphyBrowser */;
			targetProxy = 8445990B2032EA670006B76D /* PBXContainerItemProxy */;
		};
/* End PBXTargetDependency section */

/* Begin PBXVariantGroup section */
		844598F22032EA670006B76D /* Main.storyboard */ = {
			isa = PBXVariantGroup;
			children = (
				844598F32032EA670006B76D /* Base */,
			);
			name = Main.storyboard;
			sourceTree = "<group>";
		};
		844598F72032EA670006B76D /* LaunchScreen.storyboard */ = {
			isa = PBXVariantGroup;
			children = (
				844598F82032EA670006B76D /* Base */,
			);
			name = LaunchScreen.storyboard;
			sourceTree = "<group>";
		};
/* End PBXVariantGroup section */

/* Begin XCBuildConfiguration section */
		844599112032EA670006B76D /* Debug */ = {
			isa = XCBuildConfiguration;
			buildSettings = {
				ALWAYS_SEARCH_USER_PATHS = NO;
				CLANG_ANALYZER_NONNULL = YES;
				CLANG_ANALYZER_NUMBER_OBJECT_CONVERSION = YES_AGGRESSIVE;
				CLANG_CXX_LANGUAGE_STANDARD = "gnu++14";
				CLANG_CXX_LIBRARY = "libc++";
				CLANG_ENABLE_MODULES = YES;
				CLANG_ENABLE_OBJC_ARC = YES;
				CLANG_WARN_BLOCK_CAPTURE_AUTORELEASING = YES;
				CLANG_WARN_BOOL_CONVERSION = YES;
				CLANG_WARN_COMMA = YES;
				CLANG_WARN_CONSTANT_CONVERSION = YES;
				CLANG_WARN_DIRECT_OBJC_ISA_USAGE = YES_ERROR;
				CLANG_WARN_DOCUMENTATION_COMMENTS = YES;
				CLANG_WARN_EMPTY_BODY = YES;
				CLANG_WARN_ENUM_CONVERSION = YES;
				CLANG_WARN_INFINITE_RECURSION = YES;
				CLANG_WARN_INT_CONVERSION = YES;
				CLANG_WARN_NON_LITERAL_NULL_CONVERSION = YES;
				CLANG_WARN_OBJC_LITERAL_CONVERSION = YES;
				CLANG_WARN_OBJC_ROOT_CLASS = YES_ERROR;
				CLANG_WARN_RANGE_LOOP_ANALYSIS = YES;
				CLANG_WARN_STRICT_PROTOTYPES = YES;
				CLANG_WARN_SUSPICIOUS_MOVE = YES;
				CLANG_WARN_UNGUARDED_AVAILABILITY = YES_AGGRESSIVE;
				CLANG_WARN_UNREACHABLE_CODE = YES;
				CLANG_WARN__DUPLICATE_METHOD_MATCH = YES;
				CODE_SIGN_IDENTITY = "iPhone Developer";
				COPY_PHASE_STRIP = NO;
				DEBUG_INFORMATION_FORMAT = dwarf;
				ENABLE_STRICT_OBJC_MSGSEND = YES;
				ENABLE_TESTABILITY = YES;
				GCC_C_LANGUAGE_STANDARD = gnu11;
				GCC_DYNAMIC_NO_PIC = NO;
				GCC_NO_COMMON_BLOCKS = YES;
				GCC_OPTIMIZATION_LEVEL = 0;
				GCC_PREPROCESSOR_DEFINITIONS = (
					"DEBUG=1",
					"$(inherited)",
				);
				GCC_WARN_64_TO_32_BIT_CONVERSION = YES;
				GCC_WARN_ABOUT_RETURN_TYPE = YES_ERROR;
				GCC_WARN_UNDECLARED_SELECTOR = YES;
				GCC_WARN_UNINITIALIZED_AUTOS = YES_AGGRESSIVE;
				GCC_WARN_UNUSED_FUNCTION = YES;
				GCC_WARN_UNUSED_VARIABLE = YES;
				IPHONEOS_DEPLOYMENT_TARGET = 11.2;
				MTL_ENABLE_DEBUG_INFO = YES;
				ONLY_ACTIVE_ARCH = YES;
				SDKROOT = iphoneos;
				SWIFT_ACTIVE_COMPILATION_CONDITIONS = DEBUG;
				SWIFT_OPTIMIZATION_LEVEL = "-Onone";
			};
			name = Debug;
		};
		844599122032EA670006B76D /* Release */ = {
			isa = XCBuildConfiguration;
			buildSettings = {
				ALWAYS_SEARCH_USER_PATHS = NO;
				CLANG_ANALYZER_NONNULL = YES;
				CLANG_ANALYZER_NUMBER_OBJECT_CONVERSION = YES_AGGRESSIVE;
				CLANG_CXX_LANGUAGE_STANDARD = "gnu++14";
				CLANG_CXX_LIBRARY = "libc++";
				CLANG_ENABLE_MODULES = YES;
				CLANG_ENABLE_OBJC_ARC = YES;
				CLANG_WARN_BLOCK_CAPTURE_AUTORELEASING = YES;
				CLANG_WARN_BOOL_CONVERSION = YES;
				CLANG_WARN_COMMA = YES;
				CLANG_WARN_CONSTANT_CONVERSION = YES;
				CLANG_WARN_DIRECT_OBJC_ISA_USAGE = YES_ERROR;
				CLANG_WARN_DOCUMENTATION_COMMENTS = YES;
				CLANG_WARN_EMPTY_BODY = YES;
				CLANG_WARN_ENUM_CONVERSION = YES;
				CLANG_WARN_INFINITE_RECURSION = YES;
				CLANG_WARN_INT_CONVERSION = YES;
				CLANG_WARN_NON_LITERAL_NULL_CONVERSION = YES;
				CLANG_WARN_OBJC_LITERAL_CONVERSION = YES;
				CLANG_WARN_OBJC_ROOT_CLASS = YES_ERROR;
				CLANG_WARN_RANGE_LOOP_ANALYSIS = YES;
				CLANG_WARN_STRICT_PROTOTYPES = YES;
				CLANG_WARN_SUSPICIOUS_MOVE = YES;
				CLANG_WARN_UNGUARDED_AVAILABILITY = YES_AGGRESSIVE;
				CLANG_WARN_UNREACHABLE_CODE = YES;
				CLANG_WARN__DUPLICATE_METHOD_MATCH = YES;
				CODE_SIGN_IDENTITY = "iPhone Developer";
				COPY_PHASE_STRIP = NO;
				DEBUG_INFORMATION_FORMAT = "dwarf-with-dsym";
				ENABLE_NS_ASSERTIONS = NO;
				ENABLE_STRICT_OBJC_MSGSEND = YES;
				GCC_C_LANGUAGE_STANDARD = gnu11;
				GCC_NO_COMMON_BLOCKS = YES;
				GCC_WARN_64_TO_32_BIT_CONVERSION = YES;
				GCC_WARN_ABOUT_RETURN_TYPE = YES_ERROR;
				GCC_WARN_UNDECLARED_SELECTOR = YES;
				GCC_WARN_UNINITIALIZED_AUTOS = YES_AGGRESSIVE;
				GCC_WARN_UNUSED_FUNCTION = YES;
				GCC_WARN_UNUSED_VARIABLE = YES;
				IPHONEOS_DEPLOYMENT_TARGET = 11.2;
				MTL_ENABLE_DEBUG_INFO = NO;
				SDKROOT = iphoneos;
				SWIFT_OPTIMIZATION_LEVEL = "-Owholemodule";
				VALIDATE_PRODUCT = YES;
			};
			name = Release;
		};
		844599142032EA670006B76D /* Debug */ = {
			isa = XCBuildConfiguration;
			baseConfigurationReference = A65B94874A0E17E91C406892 /* Pods-GiphyBrowser.debug.xcconfig */;
			buildSettings = {
				ASSETCATALOG_COMPILER_APPICON_NAME = AppIcon;
				CODE_SIGN_STYLE = Automatic;
				DEVELOPMENT_TEAM = 9U7QA4MNTX;
				INFOPLIST_FILE = "$(SRCROOT)/Application/Info.plist";
				IPHONEOS_DEPLOYMENT_TARGET = 11.0;
				LD_RUNPATH_SEARCH_PATHS = "$(inherited) @executable_path/Frameworks";
				PRODUCT_BUNDLE_IDENTIFIER = Makser.GiphyBrowser;
				PRODUCT_NAME = "$(TARGET_NAME)";
				SWIFT_VERSION = 4.0;
				TARGETED_DEVICE_FAMILY = "1,2";
			};
			name = Debug;
		};
		844599152032EA670006B76D /* Release */ = {
			isa = XCBuildConfiguration;
			baseConfigurationReference = 3E806CEC725BCEFBB3386B99 /* Pods-GiphyBrowser.release.xcconfig */;
			buildSettings = {
				ASSETCATALOG_COMPILER_APPICON_NAME = AppIcon;
				CODE_SIGN_STYLE = Automatic;
				DEVELOPMENT_TEAM = 9U7QA4MNTX;
				INFOPLIST_FILE = "$(SRCROOT)/Application/Info.plist";
				IPHONEOS_DEPLOYMENT_TARGET = 11.0;
				LD_RUNPATH_SEARCH_PATHS = "$(inherited) @executable_path/Frameworks";
				PRODUCT_BUNDLE_IDENTIFIER = Makser.GiphyBrowser;
				PRODUCT_NAME = "$(TARGET_NAME)";
				SWIFT_VERSION = 4.0;
				TARGETED_DEVICE_FAMILY = "1,2";
			};
			name = Release;
		};
		844599172032EA670006B76D /* Debug */ = {
			isa = XCBuildConfiguration;
			baseConfigurationReference = 30710FFC26C59DAC9F836355 /* Pods-GiphyBrowserTests.debug.xcconfig */;
			buildSettings = {
				ALWAYS_EMBED_SWIFT_STANDARD_LIBRARIES = YES;
				BUNDLE_LOADER = "$(TEST_HOST)";
				CODE_SIGN_STYLE = Automatic;
				INFOPLIST_FILE = GiphyBrowserTests/Info.plist;
				LD_RUNPATH_SEARCH_PATHS = "$(inherited) @executable_path/Frameworks @loader_path/Frameworks";
				PRODUCT_BUNDLE_IDENTIFIER = Makser.GiphyBrowserTests;
				PRODUCT_NAME = "$(TARGET_NAME)";
				SWIFT_VERSION = 4.0;
				TARGETED_DEVICE_FAMILY = "1,2";
				TEST_HOST = "$(BUILT_PRODUCTS_DIR)/GiphyBrowser.app/GiphyBrowser";
			};
			name = Debug;
		};
		844599182032EA670006B76D /* Release */ = {
			isa = XCBuildConfiguration;
			baseConfigurationReference = D4CEEF94EE1675EFB01110AE /* Pods-GiphyBrowserTests.release.xcconfig */;
			buildSettings = {
				ALWAYS_EMBED_SWIFT_STANDARD_LIBRARIES = YES;
				BUNDLE_LOADER = "$(TEST_HOST)";
				CODE_SIGN_STYLE = Automatic;
				INFOPLIST_FILE = GiphyBrowserTests/Info.plist;
				LD_RUNPATH_SEARCH_PATHS = "$(inherited) @executable_path/Frameworks @loader_path/Frameworks";
				PRODUCT_BUNDLE_IDENTIFIER = Makser.GiphyBrowserTests;
				PRODUCT_NAME = "$(TARGET_NAME)";
				SWIFT_VERSION = 4.0;
				TARGETED_DEVICE_FAMILY = "1,2";
				TEST_HOST = "$(BUILT_PRODUCTS_DIR)/GiphyBrowser.app/GiphyBrowser";
			};
			name = Release;
		};
		8445991A2032EA670006B76D /* Debug */ = {
			isa = XCBuildConfiguration;
			baseConfigurationReference = DD347CA14B583D1AAD59D08C /* Pods-GiphyBrowserUITests.debug.xcconfig */;
			buildSettings = {
				ALWAYS_EMBED_SWIFT_STANDARD_LIBRARIES = YES;
				CODE_SIGN_STYLE = Automatic;
				INFOPLIST_FILE = GiphyBrowserUITests/Info.plist;
				LD_RUNPATH_SEARCH_PATHS = "$(inherited) @executable_path/Frameworks @loader_path/Frameworks";
				PRODUCT_BUNDLE_IDENTIFIER = Makser.GiphyBrowserUITests;
				PRODUCT_NAME = "$(TARGET_NAME)";
				SWIFT_VERSION = 4.0;
				TARGETED_DEVICE_FAMILY = "1,2";
				TEST_TARGET_NAME = GiphyBrowser;
			};
			name = Debug;
		};
		8445991B2032EA670006B76D /* Release */ = {
			isa = XCBuildConfiguration;
			baseConfigurationReference = B8C778C985B4358254D6FFFF /* Pods-GiphyBrowserUITests.release.xcconfig */;
			buildSettings = {
				ALWAYS_EMBED_SWIFT_STANDARD_LIBRARIES = YES;
				CODE_SIGN_STYLE = Automatic;
				INFOPLIST_FILE = GiphyBrowserUITests/Info.plist;
				LD_RUNPATH_SEARCH_PATHS = "$(inherited) @executable_path/Frameworks @loader_path/Frameworks";
				PRODUCT_BUNDLE_IDENTIFIER = Makser.GiphyBrowserUITests;
				PRODUCT_NAME = "$(TARGET_NAME)";
				SWIFT_VERSION = 4.0;
				TARGETED_DEVICE_FAMILY = "1,2";
				TEST_TARGET_NAME = GiphyBrowser;
			};
			name = Release;
		};
/* End XCBuildConfiguration section */

/* Begin XCConfigurationList section */
		844598E62032EA670006B76D /* Build configuration list for PBXProject "GiphyBrowser" */ = {
			isa = XCConfigurationList;
			buildConfigurations = (
				844599112032EA670006B76D /* Debug */,
				844599122032EA670006B76D /* Release */,
			);
			defaultConfigurationIsVisible = 0;
			defaultConfigurationName = Release;
		};
		844599132032EA670006B76D /* Build configuration list for PBXNativeTarget "GiphyBrowser" */ = {
			isa = XCConfigurationList;
			buildConfigurations = (
				844599142032EA670006B76D /* Debug */,
				844599152032EA670006B76D /* Release */,
			);
			defaultConfigurationIsVisible = 0;
			defaultConfigurationName = Release;
		};
		844599162032EA670006B76D /* Build configuration list for PBXNativeTarget "GiphyBrowserTests" */ = {
			isa = XCConfigurationList;
			buildConfigurations = (
				844599172032EA670006B76D /* Debug */,
				844599182032EA670006B76D /* Release */,
			);
			defaultConfigurationIsVisible = 0;
			defaultConfigurationName = Release;
		};
		844599192032EA670006B76D /* Build configuration list for PBXNativeTarget "GiphyBrowserUITests" */ = {
			isa = XCConfigurationList;
			buildConfigurations = (
				8445991A2032EA670006B76D /* Debug */,
				8445991B2032EA670006B76D /* Release */,
			);
			defaultConfigurationIsVisible = 0;
			defaultConfigurationName = Release;
		};
/* End XCConfigurationList section */
	};
	rootObject = 844598E32032EA670006B76D /* Project object */;
}
